
Microsoft Visual Studio Solution File, Format Version 12.00
# Visual Studio 2012
Project("{FAE04EC0-301F-11D3-BF4B-00C04F79EFBC}") = "GeneticAlgorithms", "GeneticAlgorithms\GeneticAlgorithms.csproj", "{539136C1-51E1-4A93-A1A3-D36A0E3BB278}"
EndProject
Project("{FAE04EC0-301F-11D3-BF4B-00C04F79EFBC}") = "Test", "Test\Test.csproj", "{9410AE36-8FA4-43DB-90F3-12DB8BDEEF69}"
EndProject
Global
	GlobalSection(SolutionConfigurationPlatforms) = preSolution
		Debug|Any CPU = Debug|Any CPU
		Release|Any CPU = Release|Any CPU
	EndGlobalSection
	GlobalSection(ProjectConfigurationPlatforms) = postSolution
		{539136C1-51E1-4A93-A1A3-D36A0E3BB278}.Debug|Any CPU.ActiveCfg = Debug|Any CPU
		{539136C1-51E1-4A93-A1A3-D36A0E3BB278}.Debug|Any CPU.Build.0 = Debug|Any CPU
		{539136C1-51E1-4A93-A1A3-D36A0E3BB278}.Release|Any CPU.ActiveCfg = Release|Any CPU
		{539136C1-51E1-4A93-A1A3-D36A0E3BB278}.Release|Any CPU.Build.0 = Release|Any CPU
		{9410AE36-8FA4-43DB-90F3-12DB8BDEEF69}.Debug|Any CPU.ActiveCfg = Debug|Any CPU
		{9410AE36-8FA4-43DB-90F3-12DB8BDEEF69}.Debug|Any CPU.Build.0 = Debug|Any CPU
		{9410AE36-8FA4-43DB-90F3-12DB8BDEEF69}.Release|Any CPU.ActiveCfg = Release|Any CPU
		{9410AE36-8FA4-43DB-90F3-12DB8BDEEF69}.Release|Any CPU.Build.0 = Release|Any CPU
	EndGlobalSection
	GlobalSection(SolutionProperties) = preSolution
		HideSolutionNode = FALSE
	EndGlobalSection
EndGlobal
